
Microsoft Visual Studio Solution File, Format Version 12.00
# Visual Studio Version 16
VisualStudioVersion = 16.0.30114.105
MinimumVisualStudioVersion = 10.0.40219.1
Project("{FAE04EC0-301F-11D3-BF4B-00C04F79EFBC}") = "TaskManagementApp.Api", "TaskManagementApp.Api\TaskManagementApp.Api.csproj", "{BF7E59E6-12CC-4540-83FA-5BA5C3C66FB4}"
EndProject
Project("{FAE04EC0-301F-11D3-BF4B-00C04F79EFBC}") = "TaskManagementApp.core", "TaskManagementApp.core\TaskManagementApp.core.csproj", "{5809A5F1-BA98-4CFC-8D36-F7C7551E2997}"
EndProject
Project("{FAE04EC0-301F-11D3-BF4B-00C04F79EFBC}") = "TaskManagementApp.Application", "TaskManagementApp.Application\TaskManagementApp.Application.csproj", "{C7B411DD-D305-476F-A8B0-0DC79862AD2C}"
EndProject
Project("{FAE04EC0-301F-11D3-BF4B-00C04F79EFBC}") = "TaskManagementApp.Infrastructure", "TaskManagementApp.Infrastructure\TaskManagementApp.Infrastructure.csproj", "{020921D5-F028-4A01-BD15-EACB08258F3D}"
EndProject
Global
	GlobalSection(SolutionConfigurationPlatforms) = preSolution
		Debug|Any CPU = Debug|Any CPU
		Release|Any CPU = Release|Any CPU
	EndGlobalSection
	GlobalSection(ProjectConfigurationPlatforms) = postSolution
		{BF7E59E6-12CC-4540-83FA-5BA5C3C66FB4}.Debug|Any CPU.ActiveCfg = Debug|Any CPU
		{BF7E59E6-12CC-4540-83FA-5BA5C3C66FB4}.Debug|Any CPU.Build.0 = Debug|Any CPU
		{BF7E59E6-12CC-4540-83FA-5BA5C3C66FB4}.Release|Any CPU.ActiveCfg = Release|Any CPU
		{BF7E59E6-12CC-4540-83FA-5BA5C3C66FB4}.Release|Any CPU.Build.0 = Release|Any CPU
		{5809A5F1-BA98-4CFC-8D36-F7C7551E2997}.Debug|Any CPU.ActiveCfg = Debug|Any CPU
		{5809A5F1-BA98-4CFC-8D36-F7C7551E2997}.Debug|Any CPU.Build.0 = Debug|Any CPU
		{5809A5F1-BA98-4CFC-8D36-F7C7551E2997}.Release|Any CPU.ActiveCfg = Release|Any CPU
		{5809A5F1-BA98-4CFC-8D36-F7C7551E2997}.Release|Any CPU.Build.0 = Release|Any CPU
		{C7B411DD-D305-476F-A8B0-0DC79862AD2C}.Debug|Any CPU.ActiveCfg = Debug|Any CPU
		{C7B411DD-D305-476F-A8B0-0DC79862AD2C}.Debug|Any CPU.Build.0 = Debug|Any CPU
		{C7B411DD-D305-476F-A8B0-0DC79862AD2C}.Release|Any CPU.ActiveCfg = Release|Any CPU
		{C7B411DD-D305-476F-A8B0-0DC79862AD2C}.Release|Any CPU.Build.0 = Release|Any CPU
		{020921D5-F028-4A01-BD15-EACB08258F3D}.Debug|Any CPU.ActiveCfg = Debug|Any CPU
		{020921D5-F028-4A01-BD15-EACB08258F3D}.Debug|Any CPU.Build.0 = Debug|Any CPU
		{020921D5-F028-4A01-BD15-EACB08258F3D}.Release|Any CPU.ActiveCfg = Release|Any CPU
		{020921D5-F028-4A01-BD15-EACB08258F3D}.Release|Any CPU.Build.0 = Release|Any CPU
	EndGlobalSection
	GlobalSection(SolutionProperties) = preSolution
		HideSolutionNode = FALSE
	EndGlobalSection
	GlobalSection(ExtensibilityGlobals) = postSolution
		SolutionGuid = {74A6BD52-B9F2-477F-AA89-196B036C2570}
	EndGlobalSection
EndGlobal
