
Microsoft Visual Studio Solution File, Format Version 12.00
# Visual Studio Version 16
VisualStudioVersion = 16.0.30114.105
MinimumVisualStudioVersion = 10.0.40219.1
Project("{FAE04EC0-301F-11D3-BF4B-00C04F79EFBC}") = "DapperCRUDAPI2", "DapperCRUDAPI2\DapperCRUDAPI2.csproj", "{C0D8897D-C441-4192-ADA7-FE21733E006A}"
EndProject
Global
	GlobalSection(SolutionConfigurationPlatforms) = preSolution
		Debug|Any CPU = Debug|Any CPU
		Release|Any CPU = Release|Any CPU
	EndGlobalSection
	GlobalSection(ProjectConfigurationPlatforms) = postSolution
		{C0D8897D-C441-4192-ADA7-FE21733E006A}.Debug|Any CPU.ActiveCfg = Debug|Any CPU
		{C0D8897D-C441-4192-ADA7-FE21733E006A}.Debug|Any CPU.Build.0 = Debug|Any CPU
		{C0D8897D-C441-4192-ADA7-FE21733E006A}.Release|Any CPU.ActiveCfg = Release|Any CPU
		{C0D8897D-C441-4192-ADA7-FE21733E006A}.Release|Any CPU.Build.0 = Release|Any CPU
	EndGlobalSection
	GlobalSection(SolutionProperties) = preSolution
		HideSolutionNode = FALSE
	EndGlobalSection
	GlobalSection(ExtensibilityGlobals) = postSolution
		SolutionGuid = {FC462135-7770-436E-B0E8-2262E94DE812}
	EndGlobalSection
EndGlobal
