
Microsoft Visual Studio Solution File, Format Version 12.00
# Visual Studio Version 16
VisualStudioVersion = 16.0.30114.105
MinimumVisualStudioVersion = 10.0.40219.1
Project("{FAE04EC0-301F-11D3-BF4B-00C04F79EFBC}") = "CoreCRUDWithOracle", "CoreCRUDWithOracle\CoreCRUDWithOracle.csproj", "{049ECDFD-00CC-48CA-B05A-86156D2E3EB1}"
EndProject
Global
	GlobalSection(SolutionConfigurationPlatforms) = preSolution
		Debug|Any CPU = Debug|Any CPU
		Release|Any CPU = Release|Any CPU
	EndGlobalSection
	GlobalSection(ProjectConfigurationPlatforms) = postSolution
		{049ECDFD-00CC-48CA-B05A-86156D2E3EB1}.Debug|Any CPU.ActiveCfg = Debug|Any CPU
		{049ECDFD-00CC-48CA-B05A-86156D2E3EB1}.Debug|Any CPU.Build.0 = Debug|Any CPU
		{049ECDFD-00CC-48CA-B05A-86156D2E3EB1}.Release|Any CPU.ActiveCfg = Release|Any CPU
		{049ECDFD-00CC-48CA-B05A-86156D2E3EB1}.Release|Any CPU.Build.0 = Release|Any CPU
	EndGlobalSection
	GlobalSection(SolutionProperties) = preSolution
		HideSolutionNode = FALSE
	EndGlobalSection
	GlobalSection(ExtensibilityGlobals) = postSolution
		SolutionGuid = {2CA62A25-E875-4AC3-8684-B933D7CD2C75}
	EndGlobalSection
EndGlobal
