
Microsoft Visual Studio Solution File, Format Version 12.00
# Visual Studio Version 16
VisualStudioVersion = 16.0.30204.135
MinimumVisualStudioVersion = 10.0.40219.1
Project("{FAE04EC0-301F-11D3-BF4B-00C04F79EFBC}") = "EmployeeManager.Api", "EmployeeManager.Api\EmployeeManager.Api.csproj", "{5A62AD2C-A0D0-4F16-86AD-27B03856F39A}"
EndProject
Global
	GlobalSection(SolutionConfigurationPlatforms) = preSolution
		Debug|Any CPU = Debug|Any CPU
		Release|Any CPU = Release|Any CPU
	EndGlobalSection
	GlobalSection(ProjectConfigurationPlatforms) = postSolution
		{5A62AD2C-A0D0-4F16-86AD-27B03856F39A}.Debug|Any CPU.ActiveCfg = Debug|Any CPU
		{5A62AD2C-A0D0-4F16-86AD-27B03856F39A}.Debug|Any CPU.Build.0 = Debug|Any CPU
		{5A62AD2C-A0D0-4F16-86AD-27B03856F39A}.Release|Any CPU.ActiveCfg = Release|Any CPU
		{5A62AD2C-A0D0-4F16-86AD-27B03856F39A}.Release|Any CPU.Build.0 = Release|Any CPU
	EndGlobalSection
	GlobalSection(SolutionProperties) = preSolution
		HideSolutionNode = FALSE
	EndGlobalSection
	GlobalSection(ExtensibilityGlobals) = postSolution
		SolutionGuid = {7CE5ABAA-114C-400E-B459-1210AB9FF94F}
	EndGlobalSection
EndGlobal
