
Microsoft Visual Studio Solution File, Format Version 12.00
# Visual Studio Version 16
VisualStudioVersion = 16.0.30114.105
MinimumVisualStudioVersion = 10.0.40219.1
Project("{FAE04EC0-301F-11D3-BF4B-00C04F79EFBC}") = "CreateJWT", "CreateJWT\CreateJWT.csproj", "{92B02500-2F23-4E47-BB6D-75495ED82156}"
EndProject
Global
	GlobalSection(SolutionConfigurationPlatforms) = preSolution
		Debug|Any CPU = Debug|Any CPU
		Release|Any CPU = Release|Any CPU
	EndGlobalSection
	GlobalSection(ProjectConfigurationPlatforms) = postSolution
		{92B02500-2F23-4E47-BB6D-75495ED82156}.Debug|Any CPU.ActiveCfg = Debug|Any CPU
		{92B02500-2F23-4E47-BB6D-75495ED82156}.Debug|Any CPU.Build.0 = Debug|Any CPU
		{92B02500-2F23-4E47-BB6D-75495ED82156}.Release|Any CPU.ActiveCfg = Release|Any CPU
		{92B02500-2F23-4E47-BB6D-75495ED82156}.Release|Any CPU.Build.0 = Release|Any CPU
	EndGlobalSection
	GlobalSection(SolutionProperties) = preSolution
		HideSolutionNode = FALSE
	EndGlobalSection
	GlobalSection(ExtensibilityGlobals) = postSolution
		SolutionGuid = {880D06BF-2F15-4096-86C3-EA1B0DE5F422}
	EndGlobalSection
EndGlobal
