
Microsoft Visual Studio Solution File, Format Version 12.00
# Visual Studio Version 16
VisualStudioVersion = 16.0.30114.105
MinimumVisualStudioVersion = 10.0.40219.1
Project("{FAE04EC0-301F-11D3-BF4B-00C04F79EFBC}") = "WebAPITestUsingXunit", "WebAPITestUsingXunit\WebAPITestUsingXunit.csproj", "{BFDAC12C-360C-4347-A418-53EC5FE1D478}"
EndProject
Project("{FAE04EC0-301F-11D3-BF4B-00C04F79EFBC}") = "XUnitTestProject1", "XUnitTestProject1\XUnitTestProject1.csproj", "{D1130FF0-1C1B-4118-8040-75710E73B7A2}"
EndProject
Global
	GlobalSection(SolutionConfigurationPlatforms) = preSolution
		Debug|Any CPU = Debug|Any CPU
		Release|Any CPU = Release|Any CPU
	EndGlobalSection
	GlobalSection(ProjectConfigurationPlatforms) = postSolution
		{BFDAC12C-360C-4347-A418-53EC5FE1D478}.Debug|Any CPU.ActiveCfg = Debug|Any CPU
		{BFDAC12C-360C-4347-A418-53EC5FE1D478}.Debug|Any CPU.Build.0 = Debug|Any CPU
		{BFDAC12C-360C-4347-A418-53EC5FE1D478}.Release|Any CPU.ActiveCfg = Release|Any CPU
		{BFDAC12C-360C-4347-A418-53EC5FE1D478}.Release|Any CPU.Build.0 = Release|Any CPU
		{D1130FF0-1C1B-4118-8040-75710E73B7A2}.Debug|Any CPU.ActiveCfg = Debug|Any CPU
		{D1130FF0-1C1B-4118-8040-75710E73B7A2}.Debug|Any CPU.Build.0 = Debug|Any CPU
		{D1130FF0-1C1B-4118-8040-75710E73B7A2}.Release|Any CPU.ActiveCfg = Release|Any CPU
		{D1130FF0-1C1B-4118-8040-75710E73B7A2}.Release|Any CPU.Build.0 = Release|Any CPU
	EndGlobalSection
	GlobalSection(SolutionProperties) = preSolution
		HideSolutionNode = FALSE
	EndGlobalSection
	GlobalSection(ExtensibilityGlobals) = postSolution
		SolutionGuid = {9BC9C0FE-2498-4F12-9EDF-A170199A03D2}
	EndGlobalSection
EndGlobal
