
Microsoft Visual Studio Solution File, Format Version 12.00
# Visual Studio Version 16
VisualStudioVersion = 16.0.30114.105
MinimumVisualStudioVersion = 10.0.40219.1
Project("{9A19103F-16F7-4668-BE54-9A1E7A4F7556}") = "EmployeeAPI", "EmployeeAPI\EmployeeAPI.csproj", "{0A8DCB98-BE94-4FD5-AE0C-856CB10DFB8C}"
EndProject
Global
	GlobalSection(SolutionConfigurationPlatforms) = preSolution
		Debug|Any CPU = Debug|Any CPU
		Release|Any CPU = Release|Any CPU
	EndGlobalSection
	GlobalSection(ProjectConfigurationPlatforms) = postSolution
		{0A8DCB98-BE94-4FD5-AE0C-856CB10DFB8C}.Debug|Any CPU.ActiveCfg = Debug|Any CPU
		{0A8DCB98-BE94-4FD5-AE0C-856CB10DFB8C}.Debug|Any CPU.Build.0 = Debug|Any CPU
		{0A8DCB98-BE94-4FD5-AE0C-856CB10DFB8C}.Release|Any CPU.ActiveCfg = Release|Any CPU
		{0A8DCB98-BE94-4FD5-AE0C-856CB10DFB8C}.Release|Any CPU.Build.0 = Release|Any CPU
	EndGlobalSection
	GlobalSection(SolutionProperties) = preSolution
		HideSolutionNode = FALSE
	EndGlobalSection
	GlobalSection(ExtensibilityGlobals) = postSolution
		SolutionGuid = {14007EB2-2271-4339-9879-9205AB30F53F}
	EndGlobalSection
EndGlobal
